<?xml version="1.0" encoding="utf-8"?>
<Project ToolsVersion="4.0" xmlns="http://schemas.microsoft.com/developer/msbuild/2003">
  <ItemGroup>
    <Filter Include="ECS">
      <UniqueIdentifier>{e3a6871f-128e-45f3-87ca-27fd1b07491a}</UniqueIdentifier>
    </Filter>
    <Filter Include="ECS\Component">
      <UniqueIdentifier>{8f4ead2c-9282-457a-ac04-44be7f79aae7}</UniqueIdentifier>
    </Filter>
    <Filter Include="ECS\ComponentCollection">
      <UniqueIdentifier>{787b055e-c54b-48bc-9988-711b72a11b71}</UniqueIdentifier>
    </Filter>
    <Filter Include="ECS\ComponentTypeRegistry">
      <UniqueIdentifier>{650a9e39-2f1f-43f3-8630-13bdf3bf60a3}</UniqueIdentifier>
    </Filter>
    <Filter Include="ECS\GameObject">
      <UniqueIdentifier>{8320a99a-31b1-4c04-8c54-476223e9d935}</UniqueIdentifier>
    </Filter>
    <Filter Include="ECS\GameObjectCollection">
      <UniqueIdentifier>{559dc815-e2e8-409c-946f-156dd5766502}</UniqueIdentifier>
    </Filter>
    <Filter Include="ECS\SceneGraphCollection">
      <UniqueIdentifier>{90405691-b299-4f92-94b7-be9735e2489b}</UniqueIdentifier>
    </Filter>
    <Filter Include="ECS\Component\Camera">
      <UniqueIdentifier>{009ca116-3427-4fbd-8c08-0cdbc58c4596}</UniqueIdentifier>
    </Filter>
    <Filter Include="ECS\Component\Light">
      <UniqueIdentifier>{e7972443-c127-4d64-b59a-e8a443f600cf}</UniqueIdentifier>
    </Filter>
    <Filter Include="ECS\Component\Observer">
      <UniqueIdentifier>{47f44a0b-4aa8-4aa3-a9ab-109d7d013765}</UniqueIdentifier>
    </Filter>
    <Filter Include="ECS\Component\Renderer">
      <UniqueIdentifier>{c43f2ae6-3c7e-4d69-b13b-534a88defa71}</UniqueIdentifier>
    </Filter>
    <Filter Include="ECS\Component\Transform">
      <UniqueIdentifier>{5be2fbc9-fc02-418e-9df5-2aea21cf84e2}</UniqueIdentifier>
    </Filter>
    <Filter Include="ECS\SceneGraph">
      <UniqueIdentifier>{835b11a4-d04f-4a27-b7dd-36150b1d4b1f}</UniqueIdentifier>
    </Filter>
    <Filter Include="ECS\Component\PhysicsBody">
      <UniqueIdentifier>{eaf40e15-2506-4b82-9800-1f4611a0dd6c}</UniqueIdentifier>
    </Filter>
    <Filter Include="ECS\Component\PhysicsBody\Rigidbody">
      <UniqueIdentifier>{592b6d1d-2be5-4352-8aa0-2dbfebf18035}</UniqueIdentifier>
    </Filter>
    <Filter Include="ECS\Component\Collider">
      <UniqueIdentifier>{534ebf63-5f9d-47e8-b6f6-78f1f0bb8d30}</UniqueIdentifier>
    </Filter>
    <Filter Include="ECS\Component\Collider\BoxCollider">
      <UniqueIdentifier>{aef49e8c-da54-4eb2-b04b-d38cc0abc1b3}</UniqueIdentifier>
    </Filter>
    <Filter Include="ECS\Component\Collider\CapsuleCollider">
      <UniqueIdentifier>{ec693a24-f980-4277-bc94-f54c124f9430}</UniqueIdentifier>
    </Filter>
    <Filter Include="ECS\Component\Collider\ConeCollider">
      <UniqueIdentifier>{13213a5f-cb43-47dc-860d-285f36838837}</UniqueIdentifier>
    </Filter>
    <Filter Include="ECS\Component\Collider\CylinderCollider">
      <UniqueIdentifier>{ffacd7b6-c6da-465e-b45c-fb59c4d9957b}</UniqueIdentifier>
    </Filter>
    <Filter Include="ECS\Component\Collider\SphereCollider">
      <UniqueIdentifier>{61ed19af-9339-412f-9c12-443357d9f95c}</UniqueIdentifier>
    </Filter>
    <Filter Include="ECS\Component\PhysicsBody\Softbody">
      <UniqueIdentifier>{2bc6d9f0-7518-40ab-997d-5e8202966db4}</UniqueIdentifier>
    </Filter>
  </ItemGroup>
  <ItemGroup>
    <ClCompile Include="..\..\..\code\systems\EntityComponentSystem\Component\Component.cpp">
      <Filter>ECS\Component</Filter>
    </ClCompile>
    <ClCompile Include="..\..\..\code\systems\EntityComponentSystem\Component\Camera\Camera.cpp">
      <Filter>ECS\Component\Camera</Filter>
    </ClCompile>
    <ClCompile Include="..\..\..\code\systems\EntityComponentSystem\Component\Light\Light.cpp">
      <Filter>ECS\Component\Light</Filter>
    </ClCompile>
    <ClCompile Include="..\..\..\code\systems\EntityComponentSystem\Component\Renderer\Renderer.cpp">
      <Filter>ECS\Component\Renderer</Filter>
    </ClCompile>
    <ClCompile Include="..\..\..\code\systems\EntityComponentSystem\ComponentCollection\ComponentCollection.cpp">
      <Filter>ECS\ComponentCollection</Filter>
    </ClCompile>
    <ClCompile Include="..\..\..\code\systems\EntityComponentSystem\ComponentTypeRegistry\ComponentTypeRegistry.cpp">
      <Filter>ECS\ComponentTypeRegistry</Filter>
    </ClCompile>
    <ClCompile Include="..\..\..\code\systems\EntityComponentSystem\GameObject\GameObject.cpp">
      <Filter>ECS\GameObject</Filter>
    </ClCompile>
    <ClCompile Include="..\..\..\code\systems\EntityComponentSystem\GameObjectCollection\GameObjectCollection.cpp">
      <Filter>ECS\GameObjectCollection</Filter>
    </ClCompile>
    <ClCompile Include="..\..\..\code\systems\EntityComponentSystem\SceneGraph\SceneGraph.cpp">
      <Filter>ECS\SceneGraph</Filter>
    </ClCompile>
    <ClCompile Include="..\..\..\code\systems\EntityComponentSystem\SceneGraphCollection\SceneGraphCollection.cpp">
      <Filter>ECS\SceneGraphCollection</Filter>
    </ClCompile>
    <ClCompile Include="..\..\..\code\systems\EntityComponentSystem\Component\Observer\Observer.cpp">
      <Filter>ECS\Component\Observer</Filter>
    </ClCompile>
    <ClCompile Include="..\..\..\code\systems\EntityComponentSystem\Component\Transform\Transform.cpp">
      <Filter>ECS\Component\Transform</Filter>
    </ClCompile>
    <ClCompile Include="..\..\..\code\systems\EntityComponentSystem\EntityComponentSystem.cpp">
      <Filter>ECS</Filter>
    </ClCompile>
    <ClCompile Include="..\..\..\code\systems\EntityComponentSystem\Component\PhysicsBody\Rigidbody\Rigidbody.cpp">
      <Filter>ECS\Component\PhysicsBody\Rigidbody</Filter>
    </ClCompile>
    <ClCompile Include="..\..\..\code\systems\EntityComponentSystem\Component\PhysicsBody\PhysicsBody.cpp">
      <Filter>ECS\Component\PhysicsBody</Filter>
    </ClCompile>
    <ClCompile Include="..\..\..\code\systems\EntityComponentSystem\Component\Collider\Collider.cpp">
      <Filter>ECS\Component\Collider</Filter>
    </ClCompile>
    <ClCompile Include="..\..\..\code\systems\EntityComponentSystem\Component\Collider\BoxCollider\BoxCollider.cpp">
      <Filter>ECS\Component\Collider\BoxCollider</Filter>
    </ClCompile>
    <ClCompile Include="..\..\..\code\systems\EntityComponentSystem\Component\Collider\CapsuleCollider\CapsuleCollider.cpp">
      <Filter>ECS\Component\Collider\CapsuleCollider</Filter>
    </ClCompile>
    <ClCompile Include="..\..\..\code\systems\EntityComponentSystem\Component\Collider\ConeCollider\ConeCollider.cpp">
      <Filter>ECS\Component\Collider\ConeCollider</Filter>
    </ClCompile>
    <ClCompile Include="..\..\..\code\systems\EntityComponentSystem\Component\Collider\CylinderCollider\CylinderCollider.cpp">
      <Filter>ECS\Component\Collider\CylinderCollider</Filter>
    </ClCompile>
    <ClCompile Include="..\..\..\code\systems\EntityComponentSystem\Component\Collider\SphereCollider\SphereCollider.cpp">
      <Filter>ECS\Component\Collider\SphereCollider</Filter>
    </ClCompile>
  </ItemGroup>
  <ItemGroup>
    <ClInclude Include="..\..\..\code\systems\EntityComponentSystem\Component\Component.h">
      <Filter>ECS\Component</Filter>
    </ClInclude>
    <ClInclude Include="..\..\..\code\systems\EntityComponentSystem\Component\Camera\Camera.h">
      <Filter>ECS\Component\Camera</Filter>
    </ClInclude>
    <ClInclude Include="..\..\..\code\systems\EntityComponentSystem\Component\Light\Light.h">
      <Filter>ECS\Component\Light</Filter>
    </ClInclude>
    <ClInclude Include="..\..\..\code\systems\EntityComponentSystem\Component\Renderer\Renderer.h">
      <Filter>ECS\Component\Renderer</Filter>
    </ClInclude>
    <ClInclude Include="..\..\..\code\systems\EntityComponentSystem\ComponentCollection\ComponentCollection.h">
      <Filter>ECS\ComponentCollection</Filter>
    </ClInclude>
    <ClInclude Include="..\..\..\code\systems\EntityComponentSystem\ComponentTypeRegistry\ComponentTypeRegistry.h">
      <Filter>ECS\ComponentTypeRegistry</Filter>
    </ClInclude>
    <ClInclude Include="..\..\..\code\systems\EntityComponentSystem\GameObject\GameObject.h">
      <Filter>ECS\GameObject</Filter>
    </ClInclude>
    <ClInclude Include="..\..\..\code\systems\EntityComponentSystem\GameObjectCollection\GameObjectCollection.h">
      <Filter>ECS\GameObjectCollection</Filter>
    </ClInclude>
    <ClInclude Include="..\..\..\code\systems\EntityComponentSystem\SceneGraph\SceneGraph.h">
      <Filter>ECS\SceneGraph</Filter>
    </ClInclude>
    <ClInclude Include="..\..\..\code\systems\EntityComponentSystem\SceneGraphCollection\SceneGraphCollection.h">
      <Filter>ECS\SceneGraphCollection</Filter>
    </ClInclude>
    <ClInclude Include="..\..\..\code\systems\EntityComponentSystem\Component\Observer\Observer.h">
      <Filter>ECS\Component\Observer</Filter>
    </ClInclude>
    <ClInclude Include="..\..\..\code\systems\EntityComponentSystem\Component\Transform\Transform.h">
      <Filter>ECS\Component\Transform</Filter>
    </ClInclude>
    <ClInclude Include="..\..\..\code\systems\EntityComponentSystem\EntityComponentSystem.h">
      <Filter>ECS</Filter>
    </ClInclude>
    <ClInclude Include="..\..\..\code\systems\EntityComponentSystem\Component\PhysicsBody\Rigidbody\Rigidbody.h">
      <Filter>ECS\Component\PhysicsBody\Rigidbody</Filter>
    </ClInclude>
    <ClInclude Include="..\..\..\code\systems\EntityComponentSystem\Component\PhysicsBody\PhysicsBody.h">
      <Filter>ECS\Component\PhysicsBody</Filter>
    </ClInclude>
    <ClInclude Include="..\..\..\code\systems\EntityComponentSystem\Component\Collider\Collider.h">
      <Filter>ECS\Component\Collider</Filter>
    </ClInclude>
    <ClInclude Include="..\..\..\code\systems\EntityComponentSystem\Component\Collider\BoxCollider\BoxCollider.h">
      <Filter>ECS\Component\Collider\BoxCollider</Filter>
    </ClInclude>
    <ClInclude Include="..\..\..\code\systems\EntityComponentSystem\Component\Collider\CapsuleCollider\CapsuleCollider.h">
      <Filter>ECS\Component\Collider\CapsuleCollider</Filter>
    </ClInclude>
    <ClInclude Include="..\..\..\code\systems\EntityComponentSystem\Component\Collider\ConeCollider\ConeCollider.h">
      <Filter>ECS\Component\Collider\ConeCollider</Filter>
    </ClInclude>
    <ClInclude Include="..\..\..\code\systems\EntityComponentSystem\Component\Collider\CylinderCollider\CylinderCollider.h">
      <Filter>ECS\Component\Collider\CylinderCollider</Filter>
    </ClInclude>
    <ClInclude Include="..\..\..\code\systems\EntityComponentSystem\Component\Collider\SphereCollider\SphereCollider.h">
      <Filter>ECS\Component\Collider\SphereCollider</Filter>
    </ClInclude>
  </ItemGroup>
</Project>