
Microsoft Visual Studio Solution File, Format Version 12.00
# Visual Studio 14
VisualStudioVersion = 14.0.25420.1
MinimumVisualStudioVersion = 10.0.40219.1
Project("{8BC9CEB8-8B4A-11D0-8D11-00A0C91BC942}") = "Debug", "Debug\Debug.vcxproj", "{83B39B32-EC89-4ABD-86A8-234003B73260}"
EndProject
Project("{8BC9CEB8-8B4A-11D0-8D11-00A0C91BC942}") = "Engine", "Engine\Engine.vcxproj", "{D4F83621-3E0E-4F8A-8C6D-0841C5788E8B}"
	ProjectSection(ProjectDependencies) = postProject
		{83B39B32-EC89-4ABD-86A8-234003B73260} = {83B39B32-EC89-4ABD-86A8-234003B73260}
		{77BE1141-CA62-4223-89D2-3459A16A1F66} = {77BE1141-CA62-4223-89D2-3459A16A1F66}
		{E0504664-710F-4551-ACDA-FC11AC7A1F79} = {E0504664-710F-4551-ACDA-FC11AC7A1F79}
		{00FAF265-D536-490B-B4A5-615D919EBBF1} = {00FAF265-D536-490B-B4A5-615D919EBBF1}
		{D6899AA2-3B9C-4ECA-9366-8C29B72A57CD} = {D6899AA2-3B9C-4ECA-9366-8C29B72A57CD}
		{D6CB4AA3-8EEB-49FD-A8BA-A534A26A3CA9} = {D6CB4AA3-8EEB-49FD-A8BA-A534A26A3CA9}
		{BA25BED8-E2B9-4401-8CB6-54FBD56E23FB} = {BA25BED8-E2B9-4401-8CB6-54FBD56E23FB}
	EndProjectSection
EndProject
Project("{8BC9CEB8-8B4A-11D0-8D11-00A0C91BC942}") = "Input", "Input\Input.vcxproj", "{77BE1141-CA62-4223-89D2-3459A16A1F66}"
EndProject
Project("{8BC9CEB8-8B4A-11D0-8D11-00A0C91BC942}") = "Interpreters", "Interpreters\Interpreters.vcxproj", "{E0504664-710F-4551-ACDA-FC11AC7A1F79}"
EndProject
Project("{8BC9CEB8-8B4A-11D0-8D11-00A0C91BC942}") = "Math", "Math\Math.vcxproj", "{D6CB4AA3-8EEB-49FD-A8BA-A534A26A3CA9}"
EndProject
Project("{8BC9CEB8-8B4A-11D0-8D11-00A0C91BC942}") = "Time", "Time\Time.vcxproj", "{D6899AA2-3B9C-4ECA-9366-8C29B72A57CD}"
EndProject
Project("{8BC9CEB8-8B4A-11D0-8D11-00A0C91BC942}") = "EntityComponentSystem", "EntityComponentSystem\EntityComponentSystem.vcxproj", "{00FAF265-D536-490B-B4A5-615D919EBBF1}"
EndProject
Project("{8BC9CEB8-8B4A-11D0-8D11-00A0C91BC942}") = "Graphics", "Graphics\Graphics.vcxproj", "{BA25BED8-E2B9-4401-8CB6-54FBD56E23FB}"
EndProject
Project("{8BC9CEB8-8B4A-11D0-8D11-00A0C91BC942}") = "Game", "Game\Game.vcxproj", "{2E960E73-572E-4089-8FC1-89D782FF1D55}"
	ProjectSection(ProjectDependencies) = postProject
		{D4F83621-3E0E-4F8A-8C6D-0841C5788E8B} = {D4F83621-3E0E-4F8A-8C6D-0841C5788E8B}
	EndProjectSection
EndProject
Project("{8BC9CEB8-8B4A-11D0-8D11-00A0C91BC942}") = "Development", "Development\Development.vcxproj", "{ED3F3E48-B69C-42C5-B41C-57FF82573264}"
EndProject
Global
	GlobalSection(SolutionConfigurationPlatforms) = preSolution
		Debug|x64 = Debug|x64
		Debug|x86 = Debug|x86
		Release|x64 = Release|x64
		Release|x86 = Release|x86
	EndGlobalSection
	GlobalSection(ProjectConfigurationPlatforms) = postSolution
		{83B39B32-EC89-4ABD-86A8-234003B73260}.Debug|x64.ActiveCfg = Debug|x64
		{83B39B32-EC89-4ABD-86A8-234003B73260}.Debug|x64.Build.0 = Debug|x64
		{83B39B32-EC89-4ABD-86A8-234003B73260}.Debug|x86.ActiveCfg = Debug|Win32
		{83B39B32-EC89-4ABD-86A8-234003B73260}.Debug|x86.Build.0 = Debug|Win32
		{83B39B32-EC89-4ABD-86A8-234003B73260}.Release|x64.ActiveCfg = Release|x64
		{83B39B32-EC89-4ABD-86A8-234003B73260}.Release|x64.Build.0 = Release|x64
		{83B39B32-EC89-4ABD-86A8-234003B73260}.Release|x86.ActiveCfg = Release|Win32
		{83B39B32-EC89-4ABD-86A8-234003B73260}.Release|x86.Build.0 = Release|Win32
		{D4F83621-3E0E-4F8A-8C6D-0841C5788E8B}.Debug|x64.ActiveCfg = Debug|x64
		{D4F83621-3E0E-4F8A-8C6D-0841C5788E8B}.Debug|x64.Build.0 = Debug|x64
		{D4F83621-3E0E-4F8A-8C6D-0841C5788E8B}.Debug|x86.ActiveCfg = Debug|Win32
		{D4F83621-3E0E-4F8A-8C6D-0841C5788E8B}.Debug|x86.Build.0 = Debug|Win32
		{D4F83621-3E0E-4F8A-8C6D-0841C5788E8B}.Release|x64.ActiveCfg = Release|x64
		{D4F83621-3E0E-4F8A-8C6D-0841C5788E8B}.Release|x64.Build.0 = Release|x64
		{D4F83621-3E0E-4F8A-8C6D-0841C5788E8B}.Release|x86.ActiveCfg = Release|Win32
		{D4F83621-3E0E-4F8A-8C6D-0841C5788E8B}.Release|x86.Build.0 = Release|Win32
		{77BE1141-CA62-4223-89D2-3459A16A1F66}.Debug|x64.ActiveCfg = Debug|x64
		{77BE1141-CA62-4223-89D2-3459A16A1F66}.Debug|x64.Build.0 = Debug|x64
		{77BE1141-CA62-4223-89D2-3459A16A1F66}.Debug|x86.ActiveCfg = Debug|Win32
		{77BE1141-CA62-4223-89D2-3459A16A1F66}.Debug|x86.Build.0 = Debug|Win32
		{77BE1141-CA62-4223-89D2-3459A16A1F66}.Release|x64.ActiveCfg = Release|x64
		{77BE1141-CA62-4223-89D2-3459A16A1F66}.Release|x64.Build.0 = Release|x64
		{77BE1141-CA62-4223-89D2-3459A16A1F66}.Release|x86.ActiveCfg = Release|Win32
		{77BE1141-CA62-4223-89D2-3459A16A1F66}.Release|x86.Build.0 = Release|Win32
		{E0504664-710F-4551-ACDA-FC11AC7A1F79}.Debug|x64.ActiveCfg = Debug|x64
		{E0504664-710F-4551-ACDA-FC11AC7A1F79}.Debug|x64.Build.0 = Debug|x64
		{E0504664-710F-4551-ACDA-FC11AC7A1F79}.Debug|x86.ActiveCfg = Debug|Win32
		{E0504664-710F-4551-ACDA-FC11AC7A1F79}.Debug|x86.Build.0 = Debug|Win32
		{E0504664-710F-4551-ACDA-FC11AC7A1F79}.Release|x64.ActiveCfg = Release|x64
		{E0504664-710F-4551-ACDA-FC11AC7A1F79}.Release|x64.Build.0 = Release|x64
		{E0504664-710F-4551-ACDA-FC11AC7A1F79}.Release|x86.ActiveCfg = Release|Win32
		{E0504664-710F-4551-ACDA-FC11AC7A1F79}.Release|x86.Build.0 = Release|Win32
		{D6CB4AA3-8EEB-49FD-A8BA-A534A26A3CA9}.Debug|x64.ActiveCfg = Debug|x64
		{D6CB4AA3-8EEB-49FD-A8BA-A534A26A3CA9}.Debug|x64.Build.0 = Debug|x64
		{D6CB4AA3-8EEB-49FD-A8BA-A534A26A3CA9}.Debug|x86.ActiveCfg = Debug|Win32
		{D6CB4AA3-8EEB-49FD-A8BA-A534A26A3CA9}.Debug|x86.Build.0 = Debug|Win32
		{D6CB4AA3-8EEB-49FD-A8BA-A534A26A3CA9}.Release|x64.ActiveCfg = Release|x64
		{D6CB4AA3-8EEB-49FD-A8BA-A534A26A3CA9}.Release|x64.Build.0 = Release|x64
		{D6CB4AA3-8EEB-49FD-A8BA-A534A26A3CA9}.Release|x86.ActiveCfg = Release|Win32
		{D6CB4AA3-8EEB-49FD-A8BA-A534A26A3CA9}.Release|x86.Build.0 = Release|Win32
		{D6899AA2-3B9C-4ECA-9366-8C29B72A57CD}.Debug|x64.ActiveCfg = Debug|x64
		{D6899AA2-3B9C-4ECA-9366-8C29B72A57CD}.Debug|x64.Build.0 = Debug|x64
		{D6899AA2-3B9C-4ECA-9366-8C29B72A57CD}.Debug|x86.ActiveCfg = Debug|Win32
		{D6899AA2-3B9C-4ECA-9366-8C29B72A57CD}.Debug|x86.Build.0 = Debug|Win32
		{D6899AA2-3B9C-4ECA-9366-8C29B72A57CD}.Release|x64.ActiveCfg = Release|x64
		{D6899AA2-3B9C-4ECA-9366-8C29B72A57CD}.Release|x64.Build.0 = Release|x64
		{D6899AA2-3B9C-4ECA-9366-8C29B72A57CD}.Release|x86.ActiveCfg = Release|Win32
		{D6899AA2-3B9C-4ECA-9366-8C29B72A57CD}.Release|x86.Build.0 = Release|Win32
		{00FAF265-D536-490B-B4A5-615D919EBBF1}.Debug|x64.ActiveCfg = Debug|x64
		{00FAF265-D536-490B-B4A5-615D919EBBF1}.Debug|x64.Build.0 = Debug|x64
		{00FAF265-D536-490B-B4A5-615D919EBBF1}.Debug|x86.ActiveCfg = Debug|Win32
		{00FAF265-D536-490B-B4A5-615D919EBBF1}.Debug|x86.Build.0 = Debug|Win32
		{00FAF265-D536-490B-B4A5-615D919EBBF1}.Release|x64.ActiveCfg = Release|x64
		{00FAF265-D536-490B-B4A5-615D919EBBF1}.Release|x64.Build.0 = Release|x64
		{00FAF265-D536-490B-B4A5-615D919EBBF1}.Release|x86.ActiveCfg = Release|Win32
		{00FAF265-D536-490B-B4A5-615D919EBBF1}.Release|x86.Build.0 = Release|Win32
		{BA25BED8-E2B9-4401-8CB6-54FBD56E23FB}.Debug|x64.ActiveCfg = Debug|x64
		{BA25BED8-E2B9-4401-8CB6-54FBD56E23FB}.Debug|x64.Build.0 = Debug|x64
		{BA25BED8-E2B9-4401-8CB6-54FBD56E23FB}.Debug|x86.ActiveCfg = Debug|Win32
		{BA25BED8-E2B9-4401-8CB6-54FBD56E23FB}.Debug|x86.Build.0 = Debug|Win32
		{BA25BED8-E2B9-4401-8CB6-54FBD56E23FB}.Release|x64.ActiveCfg = Release|x64
		{BA25BED8-E2B9-4401-8CB6-54FBD56E23FB}.Release|x64.Build.0 = Release|x64
		{BA25BED8-E2B9-4401-8CB6-54FBD56E23FB}.Release|x86.ActiveCfg = Release|Win32
		{BA25BED8-E2B9-4401-8CB6-54FBD56E23FB}.Release|x86.Build.0 = Release|Win32
		{2E960E73-572E-4089-8FC1-89D782FF1D55}.Debug|x64.ActiveCfg = Debug|x64
		{2E960E73-572E-4089-8FC1-89D782FF1D55}.Debug|x64.Build.0 = Debug|x64
		{2E960E73-572E-4089-8FC1-89D782FF1D55}.Debug|x86.ActiveCfg = Debug|Win32
		{2E960E73-572E-4089-8FC1-89D782FF1D55}.Debug|x86.Build.0 = Debug|Win32
		{2E960E73-572E-4089-8FC1-89D782FF1D55}.Release|x64.ActiveCfg = Release|x64
		{2E960E73-572E-4089-8FC1-89D782FF1D55}.Release|x64.Build.0 = Release|x64
		{2E960E73-572E-4089-8FC1-89D782FF1D55}.Release|x86.ActiveCfg = Release|Win32
		{2E960E73-572E-4089-8FC1-89D782FF1D55}.Release|x86.Build.0 = Release|Win32
		{ED3F3E48-B69C-42C5-B41C-57FF82573264}.Debug|x64.ActiveCfg = Debug|x64
		{ED3F3E48-B69C-42C5-B41C-57FF82573264}.Debug|x64.Build.0 = Debug|x64
		{ED3F3E48-B69C-42C5-B41C-57FF82573264}.Debug|x86.ActiveCfg = Debug|Win32
		{ED3F3E48-B69C-42C5-B41C-57FF82573264}.Debug|x86.Build.0 = Debug|Win32
		{ED3F3E48-B69C-42C5-B41C-57FF82573264}.Release|x64.ActiveCfg = Release|x64
		{ED3F3E48-B69C-42C5-B41C-57FF82573264}.Release|x64.Build.0 = Release|x64
		{ED3F3E48-B69C-42C5-B41C-57FF82573264}.Release|x86.ActiveCfg = Release|Win32
		{ED3F3E48-B69C-42C5-B41C-57FF82573264}.Release|x86.Build.0 = Release|Win32
	EndGlobalSection
	GlobalSection(SolutionProperties) = preSolution
		HideSolutionNode = FALSE
	EndGlobalSection
EndGlobal
