<?xml version="1.0" encoding="utf-8"?>
<Project ToolsVersion="4.0" xmlns="http://schemas.microsoft.com/developer/msbuild/2003">
  <ItemGroup>
    <Filter Include="source">
      <UniqueIdentifier>{705ee1cd-f36e-4be2-ba1d-3de1958b39bd}</UniqueIdentifier>
    </Filter>
  </ItemGroup>
  <ItemGroup>
    <ClCompile Include="..\..\..\code\dependencies\LodePNG\lodepng.cpp">
      <Filter>source</Filter>
    </ClCompile>
  </ItemGroup>
  <ItemGroup>
    <ClInclude Include="..\..\..\code\dependencies\LodePNG\lodepng.h">
      <Filter>source</Filter>
    </ClInclude>
  </ItemGroup>
</Project>