<?xml version="1.0" encoding="utf-8"?>
<Project ToolsVersion="4.0" xmlns="http://schemas.microsoft.com/developer/msbuild/2003">
  <ItemGroup>
    <Filter Include="Physics">
      <UniqueIdentifier>{4FC737F1-C7A5-4376-A066-2A32D752A2FF}</UniqueIdentifier>
      <Extensions>cpp;c;cc;cxx;def;odl;idl;hpj;bat;asm;asmx</Extensions>
    </Filter>
    <Filter Include="Physics\SceneGraph">
      <UniqueIdentifier>{77cd3a23-6166-4441-bef1-6973e4344b39}</UniqueIdentifier>
    </Filter>
    <Filter Include="Physics\SceneGraphCollection">
      <UniqueIdentifier>{24768226-a4f7-406e-bb1f-5a3fc14eeb13}</UniqueIdentifier>
    </Filter>
    <Filter Include="Physics\PhysicsWorld">
      <UniqueIdentifier>{ff472922-8ef1-44ea-abda-61c3c225bcd9}</UniqueIdentifier>
    </Filter>
    <Filter Include="Physics\PhysicsObject">
      <UniqueIdentifier>{1b1d6ad7-9c0d-4fe1-bfbf-7d04aa850ede}</UniqueIdentifier>
    </Filter>
    <Filter Include="Physics\PhysicsObject\RigidBody">
      <UniqueIdentifier>{08eb15b3-ee63-44ae-94cd-bc34c55ddb49}</UniqueIdentifier>
    </Filter>
    <Filter Include="Physics\PhysicsObject\SoftBody">
      <UniqueIdentifier>{bd15b216-7c8e-4743-9446-aa3f3942babb}</UniqueIdentifier>
    </Filter>
    <Filter Include="Physics\Collider">
      <UniqueIdentifier>{b7df7078-9333-43ed-849d-064f56aa4fbe}</UniqueIdentifier>
    </Filter>
    <Filter Include="Physics\Collider\BoxCollider">
      <UniqueIdentifier>{35577e0b-6839-4159-88e6-3929f6c68977}</UniqueIdentifier>
    </Filter>
    <Filter Include="Physics\Collider\CapsuleCollider">
      <UniqueIdentifier>{0d4800ef-008e-4c07-ba72-db81fa10ac69}</UniqueIdentifier>
    </Filter>
    <Filter Include="Physics\Collider\ConeCollider">
      <UniqueIdentifier>{e1a902ff-35dc-4386-9331-ff0e554f1731}</UniqueIdentifier>
    </Filter>
    <Filter Include="Physics\Collider\CylinderCollider">
      <UniqueIdentifier>{467a3f2a-7fb7-4fde-82fd-1a7db80fec63}</UniqueIdentifier>
    </Filter>
    <Filter Include="Physics\Collider\SphereCollider">
      <UniqueIdentifier>{83a312d6-86f5-427e-b575-e73e438cc02c}</UniqueIdentifier>
    </Filter>
  </ItemGroup>
  <ItemGroup>
    <ClCompile Include="..\..\..\code\systems\Physics\Physics.cpp">
      <Filter>Physics</Filter>
    </ClCompile>
    <ClCompile Include="..\..\..\code\systems\Physics\SceneGraphCollection\SceneGraphCollection.cpp">
      <Filter>Physics\SceneGraphCollection</Filter>
    </ClCompile>
    <ClCompile Include="..\..\..\code\systems\Physics\SceneGraph\SceneGraph.cpp">
      <Filter>Physics\SceneGraph</Filter>
    </ClCompile>
    <ClCompile Include="..\..\..\code\systems\Physics\PhysicsWorld\PhysicsWorld.cpp">
      <Filter>Physics\PhysicsWorld</Filter>
    </ClCompile>
    <ClCompile Include="..\..\..\code\systems\Physics\PhysicsObject\PhysicsObject.cpp">
      <Filter>Physics\PhysicsObject</Filter>
    </ClCompile>
    <ClCompile Include="..\..\..\code\systems\Physics\PhysicsObject\RigidBody\RigidBody.cpp">
      <Filter>Physics\PhysicsObject\RigidBody</Filter>
    </ClCompile>
    <ClCompile Include="..\..\..\code\systems\Physics\PhysicsObject\SoftBody\SoftBody.cpp">
      <Filter>Physics\PhysicsObject\SoftBody</Filter>
    </ClCompile>
    <ClCompile Include="..\..\..\code\systems\Physics\Collider\Collider.cpp">
      <Filter>Physics\Collider</Filter>
    </ClCompile>
    <ClCompile Include="..\..\..\code\systems\Physics\Collider\BoxCollider\BoxCollider.cpp">
      <Filter>Physics\Collider\BoxCollider</Filter>
    </ClCompile>
  </ItemGroup>
  <ItemGroup>
    <ClInclude Include="..\..\..\code\systems\Physics\Physics.h">
      <Filter>Physics</Filter>
    </ClInclude>
    <ClInclude Include="..\..\..\code\systems\Physics\SceneGraphCollection\SceneGraphCollection.h">
      <Filter>Physics\SceneGraphCollection</Filter>
    </ClInclude>
    <ClInclude Include="..\..\..\code\systems\Physics\SceneGraph\SceneGraph.h">
      <Filter>Physics\SceneGraph</Filter>
    </ClInclude>
    <ClInclude Include="..\..\..\code\systems\Physics\PhysicsWorld\PhysicsWorld.h">
      <Filter>Physics\PhysicsWorld</Filter>
    </ClInclude>
    <ClInclude Include="..\..\..\code\systems\Physics\PhysicsObject\PhysicsObject.h">
      <Filter>Physics\PhysicsObject</Filter>
    </ClInclude>
    <ClInclude Include="..\..\..\code\systems\Physics\PhysicsObject\RigidBody\RigidBody.h">
      <Filter>Physics\PhysicsObject\RigidBody</Filter>
    </ClInclude>
    <ClInclude Include="..\..\..\code\systems\Physics\PhysicsObject\SoftBody\SoftBody.h">
      <Filter>Physics\PhysicsObject\SoftBody</Filter>
    </ClInclude>
    <ClInclude Include="..\..\..\code\systems\Physics\Collider\Collider.h">
      <Filter>Physics\Collider</Filter>
    </ClInclude>
    <ClInclude Include="..\..\..\code\systems\Physics\Collider\BoxCollider\BoxCollider.h">
      <Filter>Physics\Collider\BoxCollider</Filter>
    </ClInclude>
  </ItemGroup>
</Project>