<?xml version="1.0" encoding="utf-8"?>
<Project ToolsVersion="4.0" xmlns="http://schemas.microsoft.com/developer/msbuild/2003">
  <ItemGroup>
    <Filter Include="source">
      <UniqueIdentifier>{0890a2fe-f210-43da-8b83-5b90386e8106}</UniqueIdentifier>
    </Filter>
  </ItemGroup>
  <ItemGroup>
    <ClCompile Include="..\..\..\code\dependencies\Lua533\src\lapi.c">
      <Filter>source</Filter>
    </ClCompile>
    <ClCompile Include="..\..\..\code\dependencies\Lua533\src\lauxlib.c">
      <Filter>source</Filter>
    </ClCompile>
    <ClCompile Include="..\..\..\code\dependencies\Lua533\src\lbaselib.c">
      <Filter>source</Filter>
    </ClCompile>
    <ClCompile Include="..\..\..\code\dependencies\Lua533\src\lbitlib.c">
      <Filter>source</Filter>
    </ClCompile>
    <ClCompile Include="..\..\..\code\dependencies\Lua533\src\lcode.c">
      <Filter>source</Filter>
    </ClCompile>
    <ClCompile Include="..\..\..\code\dependencies\Lua533\src\lcorolib.c">
      <Filter>source</Filter>
    </ClCompile>
    <ClCompile Include="..\..\..\code\dependencies\Lua533\src\lctype.c">
      <Filter>source</Filter>
    </ClCompile>
    <ClCompile Include="..\..\..\code\dependencies\Lua533\src\ldblib.c">
      <Filter>source</Filter>
    </ClCompile>
    <ClCompile Include="..\..\..\code\dependencies\Lua533\src\ldebug.c">
      <Filter>source</Filter>
    </ClCompile>
    <ClCompile Include="..\..\..\code\dependencies\Lua533\src\ldo.c">
      <Filter>source</Filter>
    </ClCompile>
    <ClCompile Include="..\..\..\code\dependencies\Lua533\src\ldump.c">
      <Filter>source</Filter>
    </ClCompile>
    <ClCompile Include="..\..\..\code\dependencies\Lua533\src\lfunc.c">
      <Filter>source</Filter>
    </ClCompile>
    <ClCompile Include="..\..\..\code\dependencies\Lua533\src\lgc.c">
      <Filter>source</Filter>
    </ClCompile>
    <ClCompile Include="..\..\..\code\dependencies\Lua533\src\linit.c">
      <Filter>source</Filter>
    </ClCompile>
    <ClCompile Include="..\..\..\code\dependencies\Lua533\src\liolib.c">
      <Filter>source</Filter>
    </ClCompile>
    <ClCompile Include="..\..\..\code\dependencies\Lua533\src\llex.c">
      <Filter>source</Filter>
    </ClCompile>
    <ClCompile Include="..\..\..\code\dependencies\Lua533\src\lmathlib.c">
      <Filter>source</Filter>
    </ClCompile>
    <ClCompile Include="..\..\..\code\dependencies\Lua533\src\lmem.c">
      <Filter>source</Filter>
    </ClCompile>
    <ClCompile Include="..\..\..\code\dependencies\Lua533\src\loadlib.c">
      <Filter>source</Filter>
    </ClCompile>
    <ClCompile Include="..\..\..\code\dependencies\Lua533\src\lobject.c">
      <Filter>source</Filter>
    </ClCompile>
    <ClCompile Include="..\..\..\code\dependencies\Lua533\src\lopcodes.c">
      <Filter>source</Filter>
    </ClCompile>
    <ClCompile Include="..\..\..\code\dependencies\Lua533\src\loslib.c">
      <Filter>source</Filter>
    </ClCompile>
    <ClCompile Include="..\..\..\code\dependencies\Lua533\src\lparser.c">
      <Filter>source</Filter>
    </ClCompile>
    <ClCompile Include="..\..\..\code\dependencies\Lua533\src\lstate.c">
      <Filter>source</Filter>
    </ClCompile>
    <ClCompile Include="..\..\..\code\dependencies\Lua533\src\lstring.c">
      <Filter>source</Filter>
    </ClCompile>
    <ClCompile Include="..\..\..\code\dependencies\Lua533\src\lstrlib.c">
      <Filter>source</Filter>
    </ClCompile>
    <ClCompile Include="..\..\..\code\dependencies\Lua533\src\ltable.c">
      <Filter>source</Filter>
    </ClCompile>
    <ClCompile Include="..\..\..\code\dependencies\Lua533\src\ltablib.c">
      <Filter>source</Filter>
    </ClCompile>
    <ClCompile Include="..\..\..\code\dependencies\Lua533\src\ltm.c">
      <Filter>source</Filter>
    </ClCompile>
    <ClCompile Include="..\..\..\code\dependencies\Lua533\src\lua.c">
      <Filter>source</Filter>
    </ClCompile>
    <ClCompile Include="..\..\..\code\dependencies\Lua533\src\luac.c">
      <Filter>source</Filter>
    </ClCompile>
    <ClCompile Include="..\..\..\code\dependencies\Lua533\src\lundump.c">
      <Filter>source</Filter>
    </ClCompile>
    <ClCompile Include="..\..\..\code\dependencies\Lua533\src\lutf8lib.c">
      <Filter>source</Filter>
    </ClCompile>
    <ClCompile Include="..\..\..\code\dependencies\Lua533\src\lvm.c">
      <Filter>source</Filter>
    </ClCompile>
    <ClCompile Include="..\..\..\code\dependencies\Lua533\src\lzio.c">
      <Filter>source</Filter>
    </ClCompile>
  </ItemGroup>
  <ItemGroup>
    <ClInclude Include="..\..\..\code\dependencies\Lua533\src\lapi.h">
      <Filter>source</Filter>
    </ClInclude>
    <ClInclude Include="..\..\..\code\dependencies\Lua533\src\lauxlib.h">
      <Filter>source</Filter>
    </ClInclude>
    <ClInclude Include="..\..\..\code\dependencies\Lua533\src\lcode.h">
      <Filter>source</Filter>
    </ClInclude>
    <ClInclude Include="..\..\..\code\dependencies\Lua533\src\lctype.h">
      <Filter>source</Filter>
    </ClInclude>
    <ClInclude Include="..\..\..\code\dependencies\Lua533\src\ldebug.h">
      <Filter>source</Filter>
    </ClInclude>
    <ClInclude Include="..\..\..\code\dependencies\Lua533\src\ldo.h">
      <Filter>source</Filter>
    </ClInclude>
    <ClInclude Include="..\..\..\code\dependencies\Lua533\src\lfunc.h">
      <Filter>source</Filter>
    </ClInclude>
    <ClInclude Include="..\..\..\code\dependencies\Lua533\src\lgc.h">
      <Filter>source</Filter>
    </ClInclude>
    <ClInclude Include="..\..\..\code\dependencies\Lua533\src\llex.h">
      <Filter>source</Filter>
    </ClInclude>
    <ClInclude Include="..\..\..\code\dependencies\Lua533\src\llimits.h">
      <Filter>source</Filter>
    </ClInclude>
    <ClInclude Include="..\..\..\code\dependencies\Lua533\src\lmem.h">
      <Filter>source</Filter>
    </ClInclude>
    <ClInclude Include="..\..\..\code\dependencies\Lua533\src\lobject.h">
      <Filter>source</Filter>
    </ClInclude>
    <ClInclude Include="..\..\..\code\dependencies\Lua533\src\lopcodes.h">
      <Filter>source</Filter>
    </ClInclude>
    <ClInclude Include="..\..\..\code\dependencies\Lua533\src\lparser.h">
      <Filter>source</Filter>
    </ClInclude>
    <ClInclude Include="..\..\..\code\dependencies\Lua533\src\lprefix.h">
      <Filter>source</Filter>
    </ClInclude>
    <ClInclude Include="..\..\..\code\dependencies\Lua533\src\lstate.h">
      <Filter>source</Filter>
    </ClInclude>
    <ClInclude Include="..\..\..\code\dependencies\Lua533\src\lstring.h">
      <Filter>source</Filter>
    </ClInclude>
    <ClInclude Include="..\..\..\code\dependencies\Lua533\src\ltable.h">
      <Filter>source</Filter>
    </ClInclude>
    <ClInclude Include="..\..\..\code\dependencies\Lua533\src\ltm.h">
      <Filter>source</Filter>
    </ClInclude>
    <ClInclude Include="..\..\..\code\dependencies\Lua533\src\lua.h">
      <Filter>source</Filter>
    </ClInclude>
    <ClInclude Include="..\..\..\code\dependencies\Lua533\src\lua.hpp">
      <Filter>source</Filter>
    </ClInclude>
    <ClInclude Include="..\..\..\code\dependencies\Lua533\src\luaconf.h">
      <Filter>source</Filter>
    </ClInclude>
    <ClInclude Include="..\..\..\code\dependencies\Lua533\src\lualib.h">
      <Filter>source</Filter>
    </ClInclude>
    <ClInclude Include="..\..\..\code\dependencies\Lua533\src\lundump.h">
      <Filter>source</Filter>
    </ClInclude>
    <ClInclude Include="..\..\..\code\dependencies\Lua533\src\lvm.h">
      <Filter>source</Filter>
    </ClInclude>
    <ClInclude Include="..\..\..\code\dependencies\Lua533\src\lzio.h">
      <Filter>source</Filter>
    </ClInclude>
  </ItemGroup>
  <ItemGroup>
    <None Include="..\..\..\code\dependencies\Lua533\src\Makefile">
      <Filter>source</Filter>
    </None>
  </ItemGroup>
</Project>